
Microsoft Visual Studio Solution File, Format Version 12.00
# Visual Studio Version 16
VisualStudioVersion = 16.0.30804.86
MinimumVisualStudioVersion = 10.0.40219.1
Project("{FAE04EC0-301F-11D3-BF4B-00C04F79EFBC}") = "TheBestSolution.WebAPI", "TheBestSolution.WebAPI\TheBestSolution.WebAPI.csproj", "{7C975DBF-7E18-4FE1-80B5-0D3335AD6EEC}"
EndProject
Project("{FAE04EC0-301F-11D3-BF4B-00C04F79EFBC}") = "TheBestProject.DATA", "TheBestProject.DATA\TheBestProject.DATA.csproj", "{23189D24-32F6-4E0F-AE06-BCB3A7BCBBA7}"
EndProject
Project("{FAE04EC0-301F-11D3-BF4B-00C04F79EFBC}") = "TheBestProject.Service", "TheBestProject.Service\TheBestProject.Service.csproj", "{EAC6F969-915B-490E-8775-8AF3698780C9}"
EndProject
Global
	GlobalSection(SolutionConfigurationPlatforms) = preSolution
		Debug|Any CPU = Debug|Any CPU
		Release|Any CPU = Release|Any CPU
	EndGlobalSection
	GlobalSection(ProjectConfigurationPlatforms) = postSolution
		{7C975DBF-7E18-4FE1-80B5-0D3335AD6EEC}.Debug|Any CPU.ActiveCfg = Debug|Any CPU
		{7C975DBF-7E18-4FE1-80B5-0D3335AD6EEC}.Debug|Any CPU.Build.0 = Debug|Any CPU
		{7C975DBF-7E18-4FE1-80B5-0D3335AD6EEC}.Release|Any CPU.ActiveCfg = Release|Any CPU
		{7C975DBF-7E18-4FE1-80B5-0D3335AD6EEC}.Release|Any CPU.Build.0 = Release|Any CPU
		{23189D24-32F6-4E0F-AE06-BCB3A7BCBBA7}.Debug|Any CPU.ActiveCfg = Debug|Any CPU
		{23189D24-32F6-4E0F-AE06-BCB3A7BCBBA7}.Debug|Any CPU.Build.0 = Debug|Any CPU
		{23189D24-32F6-4E0F-AE06-BCB3A7BCBBA7}.Release|Any CPU.ActiveCfg = Release|Any CPU
		{23189D24-32F6-4E0F-AE06-BCB3A7BCBBA7}.Release|Any CPU.Build.0 = Release|Any CPU
		{EAC6F969-915B-490E-8775-8AF3698780C9}.Debug|Any CPU.ActiveCfg = Debug|Any CPU
		{EAC6F969-915B-490E-8775-8AF3698780C9}.Debug|Any CPU.Build.0 = Debug|Any CPU
		{EAC6F969-915B-490E-8775-8AF3698780C9}.Release|Any CPU.ActiveCfg = Release|Any CPU
		{EAC6F969-915B-490E-8775-8AF3698780C9}.Release|Any CPU.Build.0 = Release|Any CPU
	EndGlobalSection
	GlobalSection(SolutionProperties) = preSolution
		HideSolutionNode = FALSE
	EndGlobalSection
	GlobalSection(ExtensibilityGlobals) = postSolution
		SolutionGuid = {6EBE1A6A-736C-420C-BC13-906B28AC7095}
	EndGlobalSection
EndGlobal
